
Microsoft Visual Studio Solution File, Format Version 12.00
# Visual Studio Version 17
VisualStudioVersion = 17.11.35327.3
MinimumVisualStudioVersion = 10.0.40219.1
Project("{9A19103F-16F7-4668-BE54-9A1E7A4F7556}") = "PlaywrightLearning", "PlaywrightLearning.csproj", "{2735BA11-05DC-49B1-9544-E78A83CDB39D}"
EndProject
Global
	GlobalSection(SolutionConfigurationPlatforms) = preSolution
		Debug|Any CPU = Debug|Any CPU
		Release|Any CPU = Release|Any CPU
	EndGlobalSection
	GlobalSection(ProjectConfigurationPlatforms) = postSolution
		{2735BA11-05DC-49B1-9544-E78A83CDB39D}.Debug|Any CPU.ActiveCfg = Debug|Any CPU
		{2735BA11-05DC-49B1-9544-E78A83CDB39D}.Debug|Any CPU.Build.0 = Debug|Any CPU
		{2735BA11-05DC-49B1-9544-E78A83CDB39D}.Release|Any CPU.ActiveCfg = Release|Any CPU
		{2735BA11-05DC-49B1-9544-E78A83CDB39D}.Release|Any CPU.Build.0 = Release|Any CPU
	EndGlobalSection
	GlobalSection(SolutionProperties) = preSolution
		HideSolutionNode = FALSE
	EndGlobalSection
	GlobalSection(ExtensibilityGlobals) = postSolution
		SolutionGuid = {43C18D07-53D5-43E5-B871-C6762406D089}
	EndGlobalSection
EndGlobal
